
Microsoft Visual Studio Solution File, Format Version 12.00
# Visual Studio Version 16
VisualStudioVersion = 16.0.30503.244
MinimumVisualStudioVersion = 10.0.40219.1
Project("{FAE04EC0-301F-11D3-BF4B-00C04F79EFBC}") = "Paval_Georgiana_Lab5", "Paval_Georgiana_Lab5.csproj", "{11989CF6-9BFA-4720-8A27-04B944609F4B}"
EndProject
Global
	GlobalSection(SolutionConfigurationPlatforms) = preSolution
		Debug|Any CPU = Debug|Any CPU
		Release|Any CPU = Release|Any CPU
	EndGlobalSection
	GlobalSection(ProjectConfigurationPlatforms) = postSolution
		{11989CF6-9BFA-4720-8A27-04B944609F4B}.Debug|Any CPU.ActiveCfg = Debug|Any CPU
		{11989CF6-9BFA-4720-8A27-04B944609F4B}.Debug|Any CPU.Build.0 = Debug|Any CPU
		{11989CF6-9BFA-4720-8A27-04B944609F4B}.Release|Any CPU.ActiveCfg = Release|Any CPU
		{11989CF6-9BFA-4720-8A27-04B944609F4B}.Release|Any CPU.Build.0 = Release|Any CPU
	EndGlobalSection
	GlobalSection(SolutionProperties) = preSolution
		HideSolutionNode = FALSE
	EndGlobalSection
	GlobalSection(ExtensibilityGlobals) = postSolution
		SolutionGuid = {CC965081-863A-4DA1-B70C-8FF64D18ADF3}
	EndGlobalSection
EndGlobal
